
Microsoft Visual Studio Solution File, Format Version 12.00
# Visual Studio Version 17
VisualStudioVersion = 17.11.35327.3
MinimumVisualStudioVersion = 10.0.40219.1
Project("{9A19103F-16F7-4668-BE54-9A1E7A4F7556}") = "ERPSystem.API", "ERPSystem.API\ERPSystem.API.csproj", "{A4C35FD4-A41E-4FB1-887D-199F4A7CE731}"
EndProject
Project("{9A19103F-16F7-4668-BE54-9A1E7A4F7556}") = "ERPSystem.Web", "ERPSystem.Web\ERPSystem.Web.csproj", "{C22D8E92-0672-47D9-A9F1-CDDD5151622C}"
EndProject
Global
	GlobalSection(SolutionConfigurationPlatforms) = preSolution
		Debug|Any CPU = Debug|Any CPU
		Release|Any CPU = Release|Any CPU
	EndGlobalSection
	GlobalSection(ProjectConfigurationPlatforms) = postSolution
		{A4C35FD4-A41E-4FB1-887D-199F4A7CE731}.Debug|Any CPU.ActiveCfg = Debug|Any CPU
		{A4C35FD4-A41E-4FB1-887D-199F4A7CE731}.Debug|Any CPU.Build.0 = Debug|Any CPU
		{A4C35FD4-A41E-4FB1-887D-199F4A7CE731}.Release|Any CPU.ActiveCfg = Release|Any CPU
		{A4C35FD4-A41E-4FB1-887D-199F4A7CE731}.Release|Any CPU.Build.0 = Release|Any CPU
		{C22D8E92-0672-47D9-A9F1-CDDD5151622C}.Debug|Any CPU.ActiveCfg = Debug|Any CPU
		{C22D8E92-0672-47D9-A9F1-CDDD5151622C}.Debug|Any CPU.Build.0 = Debug|Any CPU
		{C22D8E92-0672-47D9-A9F1-CDDD5151622C}.Release|Any CPU.ActiveCfg = Release|Any CPU
		{C22D8E92-0672-47D9-A9F1-CDDD5151622C}.Release|Any CPU.Build.0 = Release|Any CPU
	EndGlobalSection
	GlobalSection(SolutionProperties) = preSolution
		HideSolutionNode = FALSE
	EndGlobalSection
	GlobalSection(ExtensibilityGlobals) = postSolution
		SolutionGuid = {DEE7900B-BBBA-40C9-9FE2-04A7C914D372}
	EndGlobalSection
EndGlobal
